
Microsoft Visual Studio Solution File, Format Version 12.00
# Visual Studio Version 17
VisualStudioVersion = 17.4.33006.217
MinimumVisualStudioVersion = 10.0.40219.1
Project("{9A19103F-16F7-4668-BE54-9A1E7A4F7556}") = "ServiceHealthStatus.ViewModel", "ServiceHealthStatus.ViewModel\ServiceHealthStatus.ViewModel.csproj", "{FA10F804-039A-4CC8-8933-3145A8875C7C}"
EndProject
Project("{9A19103F-16F7-4668-BE54-9A1E7A4F7556}") = "ServiceHealthStatus.DesktopWpf", "ServiceHealthStatus.DesktopWpf\ServiceHealthStatus.DesktopWpf.csproj", "{7DE7CA9C-E9E8-4477-838C-CD28213598F4}"
EndProject
Project("{9A19103F-16F7-4668-BE54-9A1E7A4F7556}") = "ServiceHealthStatus.OpenSilver", "ServiceHealthStatus.OpenSilver\ServiceHealthStatus.OpenSilver\ServiceHealthStatus.OpenSilver.csproj", "{B39D7C57-871C-47A2-86A5-4BFDCFE5D9AD}"
EndProject
Project("{9A19103F-16F7-4668-BE54-9A1E7A4F7556}") = "ServiceHealthStatus.OpenSilver.Browser", "ServiceHealthStatus.OpenSilver\ServiceHealthStatus.OpenSilver.Browser\ServiceHealthStatus.OpenSilver.Browser.csproj", "{34F1EBDE-06D5-4E82-A67C-570B713C37E9}"
EndProject
Project("{FAE04EC0-301F-11D3-BF4B-00C04F79EFBC}") = "ServiceHealthStatus.ViewModel.Tests", "ServiceHealthStatus.ViewModel.Tests\ServiceHealthStatus.ViewModel.Tests.csproj", "{1942DAB8-E878-4883-BE97-82F29529C327}"
EndProject
Global
	GlobalSection(SolutionConfigurationPlatforms) = preSolution
		Debug|Any CPU = Debug|Any CPU
		Release|Any CPU = Release|Any CPU
	EndGlobalSection
	GlobalSection(ProjectConfigurationPlatforms) = postSolution
		{FA10F804-039A-4CC8-8933-3145A8875C7C}.Debug|Any CPU.ActiveCfg = Debug|Any CPU
		{FA10F804-039A-4CC8-8933-3145A8875C7C}.Debug|Any CPU.Build.0 = Debug|Any CPU
		{FA10F804-039A-4CC8-8933-3145A8875C7C}.Release|Any CPU.ActiveCfg = Release|Any CPU
		{FA10F804-039A-4CC8-8933-3145A8875C7C}.Release|Any CPU.Build.0 = Release|Any CPU
		{7DE7CA9C-E9E8-4477-838C-CD28213598F4}.Debug|Any CPU.ActiveCfg = Debug|Any CPU
		{7DE7CA9C-E9E8-4477-838C-CD28213598F4}.Debug|Any CPU.Build.0 = Debug|Any CPU
		{7DE7CA9C-E9E8-4477-838C-CD28213598F4}.Release|Any CPU.ActiveCfg = Release|Any CPU
		{7DE7CA9C-E9E8-4477-838C-CD28213598F4}.Release|Any CPU.Build.0 = Release|Any CPU
		{B39D7C57-871C-47A2-86A5-4BFDCFE5D9AD}.Debug|Any CPU.ActiveCfg = Debug|Any CPU
		{B39D7C57-871C-47A2-86A5-4BFDCFE5D9AD}.Debug|Any CPU.Build.0 = Debug|Any CPU
		{B39D7C57-871C-47A2-86A5-4BFDCFE5D9AD}.Release|Any CPU.ActiveCfg = Release|Any CPU
		{B39D7C57-871C-47A2-86A5-4BFDCFE5D9AD}.Release|Any CPU.Build.0 = Release|Any CPU
		{34F1EBDE-06D5-4E82-A67C-570B713C37E9}.Debug|Any CPU.ActiveCfg = Debug|Any CPU
		{34F1EBDE-06D5-4E82-A67C-570B713C37E9}.Debug|Any CPU.Build.0 = Debug|Any CPU
		{34F1EBDE-06D5-4E82-A67C-570B713C37E9}.Release|Any CPU.ActiveCfg = Release|Any CPU
		{34F1EBDE-06D5-4E82-A67C-570B713C37E9}.Release|Any CPU.Build.0 = Release|Any CPU
		{1942DAB8-E878-4883-BE97-82F29529C327}.Debug|Any CPU.ActiveCfg = Debug|Any CPU
		{1942DAB8-E878-4883-BE97-82F29529C327}.Debug|Any CPU.Build.0 = Debug|Any CPU
		{1942DAB8-E878-4883-BE97-82F29529C327}.Release|Any CPU.ActiveCfg = Release|Any CPU
		{1942DAB8-E878-4883-BE97-82F29529C327}.Release|Any CPU.Build.0 = Release|Any CPU
	EndGlobalSection
	GlobalSection(SolutionProperties) = preSolution
		HideSolutionNode = FALSE
	EndGlobalSection
	GlobalSection(ExtensibilityGlobals) = postSolution
		SolutionGuid = {58E9068E-9577-4C1A-8698-D580B067B376}
	EndGlobalSection
EndGlobal
